
Microsoft Visual Studio Solution File, Format Version 12.00
# Visual Studio Version 17
VisualStudioVersion = 17.11.35303.130
MinimumVisualStudioVersion = 10.0.40219.1
Project("{9A19103F-16F7-4668-BE54-9A1E7A4F7556}") = "StudentAffairsAuto", "StudentAffairsAuto\StudentAffairsAuto.csproj", "{9DD867F3-3B26-43D4-9EAC-2EB738BF4B91}"
EndProject
Project("{9A19103F-16F7-4668-BE54-9A1E7A4F7556}") = "StudentAffairsAuto.Client", "StudentAffairsAuto.Client\StudentAffairsAuto.Client.csproj", "{ABB112AD-FD71-4085-BB1B-2D07D65FACA6}"
EndProject
Project("{9A19103F-16F7-4668-BE54-9A1E7A4F7556}") = "Students.Client", "StudentRazorLibrary\Students.Client.csproj", "{B8614008-B5F5-4DE2-9BA2-BB02BA3186DC}"
EndProject
Project("{9A19103F-16F7-4668-BE54-9A1E7A4F7556}") = "Courses.Application", "CourseLibrary\Courses.Application.csproj", "{4BF37397-35EB-40DC-9598-90DBEA28DBD6}"
EndProject
Project("{9A19103F-16F7-4668-BE54-9A1E7A4F7556}") = "faculties.Application", "FacultyLibrary\faculties.Application.csproj", "{25F46B25-2C1B-458F-9BF5-987C30865117}"
EndProject
Project("{9A19103F-16F7-4668-BE54-9A1E7A4F7556}") = "Exams.Application", "ExamLibrary\Exams.Application.csproj", "{164EB40E-37BB-49E8-8214-CEEC515444E2}"
EndProject
Project("{9A19103F-16F7-4668-BE54-9A1E7A4F7556}") = "Departments.Application", "DepartmentLibrary\Departments.Application.csproj", "{7E64CDA8-3234-459C-B104-56DC26529EEB}"
EndProject
Project("{9A19103F-16F7-4668-BE54-9A1E7A4F7556}") = "Enrollments.Application", "EnrollmentLibrary\Enrollments.Application.csproj", "{BACBDB42-12C5-4EEB-AB6F-A3DA4E7B70B9}"
EndProject
Project("{9A19103F-16F7-4668-BE54-9A1E7A4F7556}") = "Attendances.Application", "AttendanceLibrary\Attendances.Application.csproj", "{14C2E18C-170D-43F5-883E-FB3099EF3F09}"
EndProject
Project("{2150E333-8FDC-42A3-9474-1A3956D46DE8}") = "Domains", "Domains", "{A1944CFF-EBA3-44F0-8171-21C23D4A81C1}"
EndProject
Project("{2150E333-8FDC-42A3-9474-1A3956D46DE8}") = "Attendances", "Attendances", "{4571F4C6-80D0-40E8-8EF3-671047397E72}"
EndProject
Project("{9A19103F-16F7-4668-BE54-9A1E7A4F7556}") = "Attendances.Client", "Attendances.Client\Attendances.Client.csproj", "{E106026D-A1AF-4985-A5DE-B1FC0CE8BBA1}"
EndProject
Project("{2150E333-8FDC-42A3-9474-1A3956D46DE8}") = "Courses", "Courses", "{62C0607A-6014-4D2B-A03A-C773EBA5A9F6}"
EndProject
Project("{9A19103F-16F7-4668-BE54-9A1E7A4F7556}") = "Courses.Client", "Courses.Client\Courses.Client.csproj", "{5C4B256C-270C-43CB-8936-2BBD5096DD6C}"
EndProject
Project("{2150E333-8FDC-42A3-9474-1A3956D46DE8}") = "Departments", "Departments", "{D058EB0B-6685-4083-B61B-68A46808B60F}"
EndProject
Project("{9A19103F-16F7-4668-BE54-9A1E7A4F7556}") = "Departments.Client", "Department.Client\Departments.Client.csproj", "{CE4261AE-3111-4573-9F21-88A1001BF7B2}"
EndProject
Project("{2150E333-8FDC-42A3-9474-1A3956D46DE8}") = "Enrollments", "Enrollments", "{83BE6C09-62C7-499E-A990-B97E4E6B2252}"
EndProject
Project("{9A19103F-16F7-4668-BE54-9A1E7A4F7556}") = "Enrollments.Client", "Enrollments.Client\Enrollments.Client.csproj", "{BEA2CB9A-3EF2-453E-ACB3-7D31482651B7}"
EndProject
Project("{2150E333-8FDC-42A3-9474-1A3956D46DE8}") = "Exams", "Exams", "{63D5BCFE-1BD8-4670-B315-071E4BD4AA38}"
EndProject
Project("{9A19103F-16F7-4668-BE54-9A1E7A4F7556}") = "Exams.Client", "Exams.Client\Exams.Client.csproj", "{B0709DBA-721D-4346-9F6C-793104E073D8}"
EndProject
Project("{2150E333-8FDC-42A3-9474-1A3956D46DE8}") = "Faculties", "Faculties", "{5B2DC911-0A48-4D39-9618-E2A0C92D9E76}"
EndProject
Project("{9A19103F-16F7-4668-BE54-9A1E7A4F7556}") = "faculties.Client", "faculties.Client\faculties.Client.csproj", "{616897CB-780D-419B-89B7-7FCE4B3FA7A3}"
EndProject
Project("{2150E333-8FDC-42A3-9474-1A3956D46DE8}") = "Shared", "Shared", "{BA590119-F7B0-4D70-A269-1328B57CDB97}"
EndProject
Project("{9A19103F-16F7-4668-BE54-9A1E7A4F7556}") = "Shared.Application", "Shared.Application\Shared.Application.csproj", "{2D9CD8A1-5210-4385-B8F4-2BD763A60FEE}"
EndProject
Project("{2150E333-8FDC-42A3-9474-1A3956D46DE8}") = "Students", "Students", "{746810FC-5749-4893-902C-72D6A4426541}"
EndProject
Project("{9A19103F-16F7-4668-BE54-9A1E7A4F7556}") = "Students.Application", "Students.Application\Students.Application.csproj", "{B9618778-5ED4-4D53-82A0-264EF010569D}"
EndProject
Global
	GlobalSection(SolutionConfigurationPlatforms) = preSolution
		Debug|Any CPU = Debug|Any CPU
		Release|Any CPU = Release|Any CPU
	EndGlobalSection
	GlobalSection(ProjectConfigurationPlatforms) = postSolution
		{9DD867F3-3B26-43D4-9EAC-2EB738BF4B91}.Debug|Any CPU.ActiveCfg = Debug|Any CPU
		{9DD867F3-3B26-43D4-9EAC-2EB738BF4B91}.Debug|Any CPU.Build.0 = Debug|Any CPU
		{9DD867F3-3B26-43D4-9EAC-2EB738BF4B91}.Release|Any CPU.ActiveCfg = Release|Any CPU
		{9DD867F3-3B26-43D4-9EAC-2EB738BF4B91}.Release|Any CPU.Build.0 = Release|Any CPU
		{ABB112AD-FD71-4085-BB1B-2D07D65FACA6}.Debug|Any CPU.ActiveCfg = Debug|Any CPU
		{ABB112AD-FD71-4085-BB1B-2D07D65FACA6}.Debug|Any CPU.Build.0 = Debug|Any CPU
		{ABB112AD-FD71-4085-BB1B-2D07D65FACA6}.Release|Any CPU.ActiveCfg = Release|Any CPU
		{ABB112AD-FD71-4085-BB1B-2D07D65FACA6}.Release|Any CPU.Build.0 = Release|Any CPU
		{B8614008-B5F5-4DE2-9BA2-BB02BA3186DC}.Debug|Any CPU.ActiveCfg = Debug|Any CPU
		{B8614008-B5F5-4DE2-9BA2-BB02BA3186DC}.Debug|Any CPU.Build.0 = Debug|Any CPU
		{B8614008-B5F5-4DE2-9BA2-BB02BA3186DC}.Release|Any CPU.ActiveCfg = Release|Any CPU
		{B8614008-B5F5-4DE2-9BA2-BB02BA3186DC}.Release|Any CPU.Build.0 = Release|Any CPU
		{4BF37397-35EB-40DC-9598-90DBEA28DBD6}.Debug|Any CPU.ActiveCfg = Debug|Any CPU
		{4BF37397-35EB-40DC-9598-90DBEA28DBD6}.Debug|Any CPU.Build.0 = Debug|Any CPU
		{4BF37397-35EB-40DC-9598-90DBEA28DBD6}.Release|Any CPU.ActiveCfg = Release|Any CPU
		{4BF37397-35EB-40DC-9598-90DBEA28DBD6}.Release|Any CPU.Build.0 = Release|Any CPU
		{25F46B25-2C1B-458F-9BF5-987C30865117}.Debug|Any CPU.ActiveCfg = Debug|Any CPU
		{25F46B25-2C1B-458F-9BF5-987C30865117}.Debug|Any CPU.Build.0 = Debug|Any CPU
		{25F46B25-2C1B-458F-9BF5-987C30865117}.Release|Any CPU.ActiveCfg = Release|Any CPU
		{25F46B25-2C1B-458F-9BF5-987C30865117}.Release|Any CPU.Build.0 = Release|Any CPU
		{164EB40E-37BB-49E8-8214-CEEC515444E2}.Debug|Any CPU.ActiveCfg = Debug|Any CPU
		{164EB40E-37BB-49E8-8214-CEEC515444E2}.Debug|Any CPU.Build.0 = Debug|Any CPU
		{164EB40E-37BB-49E8-8214-CEEC515444E2}.Release|Any CPU.ActiveCfg = Release|Any CPU
		{164EB40E-37BB-49E8-8214-CEEC515444E2}.Release|Any CPU.Build.0 = Release|Any CPU
		{7E64CDA8-3234-459C-B104-56DC26529EEB}.Debug|Any CPU.ActiveCfg = Debug|Any CPU
		{7E64CDA8-3234-459C-B104-56DC26529EEB}.Debug|Any CPU.Build.0 = Debug|Any CPU
		{7E64CDA8-3234-459C-B104-56DC26529EEB}.Release|Any CPU.ActiveCfg = Release|Any CPU
		{7E64CDA8-3234-459C-B104-56DC26529EEB}.Release|Any CPU.Build.0 = Release|Any CPU
		{BACBDB42-12C5-4EEB-AB6F-A3DA4E7B70B9}.Debug|Any CPU.ActiveCfg = Debug|Any CPU
		{BACBDB42-12C5-4EEB-AB6F-A3DA4E7B70B9}.Debug|Any CPU.Build.0 = Debug|Any CPU
		{BACBDB42-12C5-4EEB-AB6F-A3DA4E7B70B9}.Release|Any CPU.ActiveCfg = Release|Any CPU
		{BACBDB42-12C5-4EEB-AB6F-A3DA4E7B70B9}.Release|Any CPU.Build.0 = Release|Any CPU
		{14C2E18C-170D-43F5-883E-FB3099EF3F09}.Debug|Any CPU.ActiveCfg = Debug|Any CPU
		{14C2E18C-170D-43F5-883E-FB3099EF3F09}.Debug|Any CPU.Build.0 = Debug|Any CPU
		{14C2E18C-170D-43F5-883E-FB3099EF3F09}.Release|Any CPU.ActiveCfg = Release|Any CPU
		{14C2E18C-170D-43F5-883E-FB3099EF3F09}.Release|Any CPU.Build.0 = Release|Any CPU
		{E106026D-A1AF-4985-A5DE-B1FC0CE8BBA1}.Debug|Any CPU.ActiveCfg = Debug|Any CPU
		{E106026D-A1AF-4985-A5DE-B1FC0CE8BBA1}.Debug|Any CPU.Build.0 = Debug|Any CPU
		{E106026D-A1AF-4985-A5DE-B1FC0CE8BBA1}.Release|Any CPU.ActiveCfg = Release|Any CPU
		{E106026D-A1AF-4985-A5DE-B1FC0CE8BBA1}.Release|Any CPU.Build.0 = Release|Any CPU
		{5C4B256C-270C-43CB-8936-2BBD5096DD6C}.Debug|Any CPU.ActiveCfg = Debug|Any CPU
		{5C4B256C-270C-43CB-8936-2BBD5096DD6C}.Debug|Any CPU.Build.0 = Debug|Any CPU
		{5C4B256C-270C-43CB-8936-2BBD5096DD6C}.Release|Any CPU.ActiveCfg = Release|Any CPU
		{5C4B256C-270C-43CB-8936-2BBD5096DD6C}.Release|Any CPU.Build.0 = Release|Any CPU
		{CE4261AE-3111-4573-9F21-88A1001BF7B2}.Debug|Any CPU.ActiveCfg = Debug|Any CPU
		{CE4261AE-3111-4573-9F21-88A1001BF7B2}.Debug|Any CPU.Build.0 = Debug|Any CPU
		{CE4261AE-3111-4573-9F21-88A1001BF7B2}.Release|Any CPU.ActiveCfg = Release|Any CPU
		{CE4261AE-3111-4573-9F21-88A1001BF7B2}.Release|Any CPU.Build.0 = Release|Any CPU
		{BEA2CB9A-3EF2-453E-ACB3-7D31482651B7}.Debug|Any CPU.ActiveCfg = Debug|Any CPU
		{BEA2CB9A-3EF2-453E-ACB3-7D31482651B7}.Debug|Any CPU.Build.0 = Debug|Any CPU
		{BEA2CB9A-3EF2-453E-ACB3-7D31482651B7}.Release|Any CPU.ActiveCfg = Release|Any CPU
		{BEA2CB9A-3EF2-453E-ACB3-7D31482651B7}.Release|Any CPU.Build.0 = Release|Any CPU
		{B0709DBA-721D-4346-9F6C-793104E073D8}.Debug|Any CPU.ActiveCfg = Debug|Any CPU
		{B0709DBA-721D-4346-9F6C-793104E073D8}.Debug|Any CPU.Build.0 = Debug|Any CPU
		{B0709DBA-721D-4346-9F6C-793104E073D8}.Release|Any CPU.ActiveCfg = Release|Any CPU
		{B0709DBA-721D-4346-9F6C-793104E073D8}.Release|Any CPU.Build.0 = Release|Any CPU
		{616897CB-780D-419B-89B7-7FCE4B3FA7A3}.Debug|Any CPU.ActiveCfg = Debug|Any CPU
		{616897CB-780D-419B-89B7-7FCE4B3FA7A3}.Debug|Any CPU.Build.0 = Debug|Any CPU
		{616897CB-780D-419B-89B7-7FCE4B3FA7A3}.Release|Any CPU.ActiveCfg = Release|Any CPU
		{616897CB-780D-419B-89B7-7FCE4B3FA7A3}.Release|Any CPU.Build.0 = Release|Any CPU
		{2D9CD8A1-5210-4385-B8F4-2BD763A60FEE}.Debug|Any CPU.ActiveCfg = Debug|Any CPU
		{2D9CD8A1-5210-4385-B8F4-2BD763A60FEE}.Debug|Any CPU.Build.0 = Debug|Any CPU
		{2D9CD8A1-5210-4385-B8F4-2BD763A60FEE}.Release|Any CPU.ActiveCfg = Release|Any CPU
		{2D9CD8A1-5210-4385-B8F4-2BD763A60FEE}.Release|Any CPU.Build.0 = Release|Any CPU
		{B9618778-5ED4-4D53-82A0-264EF010569D}.Debug|Any CPU.ActiveCfg = Debug|Any CPU
		{B9618778-5ED4-4D53-82A0-264EF010569D}.Debug|Any CPU.Build.0 = Debug|Any CPU
		{B9618778-5ED4-4D53-82A0-264EF010569D}.Release|Any CPU.ActiveCfg = Release|Any CPU
		{B9618778-5ED4-4D53-82A0-264EF010569D}.Release|Any CPU.Build.0 = Release|Any CPU
	EndGlobalSection
	GlobalSection(SolutionProperties) = preSolution
		HideSolutionNode = FALSE
	EndGlobalSection
	GlobalSection(NestedProjects) = preSolution
		{B8614008-B5F5-4DE2-9BA2-BB02BA3186DC} = {746810FC-5749-4893-902C-72D6A4426541}
		{4BF37397-35EB-40DC-9598-90DBEA28DBD6} = {62C0607A-6014-4D2B-A03A-C773EBA5A9F6}
		{25F46B25-2C1B-458F-9BF5-987C30865117} = {5B2DC911-0A48-4D39-9618-E2A0C92D9E76}
		{164EB40E-37BB-49E8-8214-CEEC515444E2} = {63D5BCFE-1BD8-4670-B315-071E4BD4AA38}
		{7E64CDA8-3234-459C-B104-56DC26529EEB} = {D058EB0B-6685-4083-B61B-68A46808B60F}
		{BACBDB42-12C5-4EEB-AB6F-A3DA4E7B70B9} = {83BE6C09-62C7-499E-A990-B97E4E6B2252}
		{14C2E18C-170D-43F5-883E-FB3099EF3F09} = {4571F4C6-80D0-40E8-8EF3-671047397E72}
		{4571F4C6-80D0-40E8-8EF3-671047397E72} = {A1944CFF-EBA3-44F0-8171-21C23D4A81C1}
		{E106026D-A1AF-4985-A5DE-B1FC0CE8BBA1} = {4571F4C6-80D0-40E8-8EF3-671047397E72}
		{62C0607A-6014-4D2B-A03A-C773EBA5A9F6} = {A1944CFF-EBA3-44F0-8171-21C23D4A81C1}
		{5C4B256C-270C-43CB-8936-2BBD5096DD6C} = {62C0607A-6014-4D2B-A03A-C773EBA5A9F6}
		{D058EB0B-6685-4083-B61B-68A46808B60F} = {A1944CFF-EBA3-44F0-8171-21C23D4A81C1}
		{CE4261AE-3111-4573-9F21-88A1001BF7B2} = {D058EB0B-6685-4083-B61B-68A46808B60F}
		{83BE6C09-62C7-499E-A990-B97E4E6B2252} = {A1944CFF-EBA3-44F0-8171-21C23D4A81C1}
		{BEA2CB9A-3EF2-453E-ACB3-7D31482651B7} = {83BE6C09-62C7-499E-A990-B97E4E6B2252}
		{63D5BCFE-1BD8-4670-B315-071E4BD4AA38} = {A1944CFF-EBA3-44F0-8171-21C23D4A81C1}
		{B0709DBA-721D-4346-9F6C-793104E073D8} = {63D5BCFE-1BD8-4670-B315-071E4BD4AA38}
		{5B2DC911-0A48-4D39-9618-E2A0C92D9E76} = {A1944CFF-EBA3-44F0-8171-21C23D4A81C1}
		{616897CB-780D-419B-89B7-7FCE4B3FA7A3} = {5B2DC911-0A48-4D39-9618-E2A0C92D9E76}
		{2D9CD8A1-5210-4385-B8F4-2BD763A60FEE} = {BA590119-F7B0-4D70-A269-1328B57CDB97}
		{746810FC-5749-4893-902C-72D6A4426541} = {A1944CFF-EBA3-44F0-8171-21C23D4A81C1}
		{B9618778-5ED4-4D53-82A0-264EF010569D} = {746810FC-5749-4893-902C-72D6A4426541}
	EndGlobalSection
	GlobalSection(ExtensibilityGlobals) = postSolution
		SolutionGuid = {6E0BC5FF-65BE-4B09-A3D4-68D054B575DC}
	EndGlobalSection
EndGlobal
